// !$*UTF8*$!
{
	archiveVersion = 1;
	classes = {
	};
	objectVersion = 50;
	objects = {

/* Begin PBXBuildFile section */
		02C90DBD214F196E00EA0FD1 /* AppDelegate.swift in Sources */ = {isa = PBXBuildFile; fileRef = 02C90DBC214F196E00EA0FD1 /* AppDelegate.swift */; };
		02C90DBF214F196E00EA0FD1 /* ViewController.swift in Sources */ = {isa = PBXBuildFile; fileRef = 02C90DBE214F196E00EA0FD1 /* ViewController.swift */; };
		02C90DC2214F196E00EA0FD1 /* Main.storyboard in Resources */ = {isa = PBXBuildFile; fileRef = 02C90DC0214F196E00EA0FD1 /* Main.storyboard */; };
		02C90DC4214F197000EA0FD1 /* Assets.xcassets in Resources */ = {isa = PBXBuildFile; fileRef = 02C90DC3214F197000EA0FD1 /* Assets.xcassets */; };
		02C90DC7214F197000EA0FD1 /* LaunchScreen.storyboard in Resources */ = {isa = PBXBuildFile; fileRef = 02C90DC5214F197000EA0FD1 /* LaunchScreen.storyboard */; };
		02C90DD2214F197000EA0FD1 /* Project1Tests.swift in Sources */ = {isa = PBXBuildFile; fileRef = 02C90DD1214F197000EA0FD1 /* Project1Tests.swift */; };
		02C90DDD214F197000EA0FD1 /* Project1UITests.swift in Sources */ = {isa = PBXBuildFile; fileRef = 02C90DDC214F197000EA0FD1 /* Project1UITests.swift */; };
/* End PBXBuildFile section */

/* Begin PBXContainerItemProxy section */
		02C90DCE214F197000EA0FD1 /* PBXContainerItemProxy */ = {
			isa = PBXContainerItemProxy;
			containerPortal = 02C90DB1214F196E00EA0FD1 /* Project object */;
			proxyType = 1;
			remoteGlobalIDString = 02C90DB8214F196E00EA0FD1;
			remoteInfo = Project1;
		};
		02C90DD9214F197000EA0FD1 /* PBXContainerItemProxy */ = {
			isa = PBXContainerItemProxy;
			containerPortal = 02C90DB1214F196E00EA0FD1 /* Project object */;
			proxyType = 1;
			remoteGlobalIDString = 02C90DB8214F196E00EA0FD1;
			remoteInfo = Project1;
		};
/* End PBXContainerItemProxy section */

/* Begin PBXFileReference section */
		02C90DB9214F196E00EA0FD1 /* Project1.app */ = {isa = PBXFileReference; explicitFileType = wrapper.application; includeInIndex = 0; path = Project1.app; sourceTree = BUILT_PRODUCTS_DIR; };
		02C90DBC214F196E00EA0FD1 /* AppDelegate.swift */ = {isa = PBXFileReference; lastKnownFileType = sourcecode.swift; path = AppDelegate.swift; sourceTree = "<group>"; };
		02C90DBE214F196E00EA0FD1 /* ViewController.swift */ = {isa = PBXFileReference; lastKnownFileType = sourcecode.swift; path = ViewController.swift; sourceTree = "<group>"; };
		02C90DC1214F196E00EA0FD1 /* Base */ = {isa = PBXFileReference; lastKnownFileType = file.storyboard; name = Base; path = Base.lproj/Main.storyboard; sourceTree = "<group>"; };
		02C90DC3214F197000EA0FD1 /* Assets.xcassets */ = {isa = PBXFileReference; lastKnownFileType = folder.assetcatalog; path = Assets.xcassets; sourceTree = "<group>"; };
		02C90DC6214F197000EA0FD1 /* Base */ = {isa = PBXFileReference; lastKnownFileType = file.storyboard; name = Base; path = Base.lproj/LaunchScreen.storyboard; sourceTree = "<group>"; };
		02C90DC8214F197000EA0FD1 /* Info.plist */ = {isa = PBXFileReference; lastKnownFileType = text.plist.xml; path = Info.plist; sourceTree = "<group>"; };
		02C90DCD214F197000EA0FD1 /* Project1Tests.xctest */ = {isa = PBXFileReference; explicitFileType = wrapper.cfbundle; includeInIndex = 0; path = Project1Tests.xctest; sourceTree = BUILT_PRODUCTS_DIR; };
		02C90DD1214F197000EA0FD1 /* Project1Tests.swift */ = {isa = PBXFileReference; lastKnownFileType = sourcecode.swift; path = Project1Tests.swift; sourceTree = "<group>"; };
		02C90DD3214F197000EA0FD1 /* Info.plist */ = {isa = PBXFileReference; lastKnownFileType = text.plist.xml; path = Info.plist; sourceTree = "<group>"; };
		02C90DD8214F197000EA0FD1 /* Project1UITests.xctest */ = {isa = PBXFileReference; explicitFileType = wrapper.cfbundle; includeInIndex = 0; path = Project1UITests.xctest; sourceTree = BUILT_PRODUCTS_DIR; };
		02C90DDC214F197000EA0FD1 /* Project1UITests.swift */ = {isa = PBXFileReference; lastKnownFileType = sourcecode.swift; path = Project1UITests.swift; sourceTree = "<group>"; };
		02C90DDE214F197000EA0FD1 /* Info.plist */ = {isa = PBXFileReference; lastKnownFileType = text.plist.xml; path = Info.plist; sourceTree = "<group>"; };
/* End PBXFileReference section */

/* Begin PBXFrameworksBuildPhase section */
		02C90DB6214F196E00EA0FD1 /* Frameworks */ = {
			isa = PBXFrameworksBuildPhase;
			buildActionMask = 2147483647;
			files = (
			);
			runOnlyForDeploymentPostprocessing = 0;
		};
		02C90DCA214F197000EA0FD1 /* Frameworks */ = {
			isa = PBXFrameworksBuildPhase;
			buildActionMask = 2147483647;
			files = (
			);
			runOnlyForDeploymentPostprocessing = 0;
		};
		02C90DD5214F197000EA0FD1 /* Frameworks */ = {
			isa = PBXFrameworksBuildPhase;
			buildActionMask = 2147483647;
			files = (
			);
			runOnlyForDeploymentPostprocessing = 0;
		};
/* End PBXFrameworksBuildPhase section */

/* Begin PBXGroup section */
		02C90DB0214F196E00EA0FD1 = {
			isa = PBXGroup;
			children = (
				02C90DBB214F196E00EA0FD1 /* Project1 */,
				02C90DD0214F197000EA0FD1 /* Project1Tests */,
				02C90DDB214F197000EA0FD1 /* Project1UITests */,
				02C90DBA214F196E00EA0FD1 /* Products */,
			);
			sourceTree = "<group>";
		};
		02C90DBA214F196E00EA0FD1 /* Products */ = {
			isa = PBXGroup;
			children = (
				02C90DB9214F196E00EA0FD1 /* Project1.app */,
				02C90DCD214F197000EA0FD1 /* Project1Tests.xctest */,
				02C90DD8214F197000EA0FD1 /* Project1UITests.xctest */,
			);
			name = Products;
			sourceTree = "<group>";
		};
		02C90DBB214F196E00EA0FD1 /* Project1 */ = {
			isa = PBXGroup;
			children = (
				02C90DBC214F196E00EA0FD1 /* AppDelegate.swift */,
				02C90DBE214F196E00EA0FD1 /* ViewController.swift */,
				02C90DC0214F196E00EA0FD1 /* Main.storyboard */,
				02C90DC3214F197000EA0FD1 /* Assets.xcassets */,
				02C90DC5214F197000EA0FD1 /* LaunchScreen.storyboard */,
				02C90DC8214F197000EA0FD1 /* Info.plist */,
			);
			path = Project1;
			sourceTree = "<group>";
		};
		02C90DD0214F197000EA0FD1 /* Project1Tests */ = {
			isa = PBXGroup;
			children = (
				02C90DD1214F197000EA0FD1 /* Project1Tests.swift */,
				02C90DD3214F197000EA0FD1 /* Info.plist */,
			);
			path = Project1Tests;
			sourceTree = "<group>";
		};
		02C90DDB214F197000EA0FD1 /* Project1UITests */ = {
			isa = PBXGroup;
			children = (
				02C90DDC214F197000EA0FD1 /* Project1UITests.swift */,
				02C90DDE214F197000EA0FD1 /* Info.plist */,
			);
			path = Project1UITests;
			sourceTree = "<group>";
		};
/* End PBXGroup section */

/* Begin PBXNativeTarget section */
		02C90DB8214F196E00EA0FD1 /* Project1 */ = {
			isa = PBXNativeTarget;
			buildConfigurationList = 02C90DE1214F197000EA0FD1 /* Build configuration list for PBXNativeTarget "Project1" */;
			buildPhases = (
				02C90DB5214F196E00EA0FD1 /* Sources */,
				02C90DB6214F196E00EA0FD1 /* Frameworks */,
				02C90DB7214F196E00EA0FD1 /* Resources */,
			);
			buildRules = (
			);
			dependencies = (
			);
			name = Project1;
			productName = Project1;
			productReference = 02C90DB9214F196E00EA0FD1 /* Project1.app */;
			productType = "com.apple.product-type.application";
		};
		02C90DCC214F197000EA0FD1 /* Project1Tests */ = {
			isa = PBXNativeTarget;
			buildConfigurationList = 02C90DE4214F197000EA0FD1 /* Build configuration list for PBXNativeTarget "Project1Tests" */;
			buildPhases = (
				02C90DC9214F197000EA0FD1 /* Sources */,
				02C90DCA214F197000EA0FD1 /* Frameworks */,
				02C90DCB214F197000EA0FD1 /* Resources */,
			);
			buildRules = (
			);
			dependencies = (
				02C90DCF214F197000EA0FD1 /* PBXTargetDependency */,
			);
			name = Project1Tests;
			productName = Project1Tests;
			productReference = 02C90DCD214F197000EA0FD1 /* Project1Tests.xctest */;
			productType = "com.apple.product-type.bundle.unit-test";
		};
		02C90DD7214F197000EA0FD1 /* Project1UITests */ = {
			isa = PBXNativeTarget;
			buildConfigurationList = 02C90DE7214F197000EA0FD1 /* Build configuration list for PBXNativeTarget "Project1UITests" */;
			buildPhases = (
				02C90DD4214F197000EA0FD1 /* Sources */,
				02C90DD5214F197000EA0FD1 /* Frameworks */,
				02C90DD6214F197000EA0FD1 /* Resources */,
			);
			buildRules = (
			);
			dependencies = (
				02C90DDA214F197000EA0FD1 /* PBXTargetDependency */,
			);
			name = Project1UITests;
			productName = Project1UITests;
			productReference = 02C90DD8214F197000EA0FD1 /* Project1UITests.xctest */;
			productType = "com.apple.product-type.bundle.ui-testing";
		};
/* End PBXNativeTarget section */

/* Begin PBXProject section */
		02C90DB1214F196E00EA0FD1 /* Project object */ = {
			isa = PBXProject;
			attributes = {
				LastSwiftUpdateCheck = 0940;
				LastUpgradeCheck = 0940;
				ORGANIZATIONNAME = "Richard Young";
				TargetAttributes = {
					02C90DB8214F196E00EA0FD1 = {
						CreatedOnToolsVersion = 9.4.1;
					};
					02C90DCC214F197000EA0FD1 = {
						CreatedOnToolsVersion = 9.4.1;
						TestTargetID = 02C90DB8214F196E00EA0FD1;
					};
					02C90DD7214F197000EA0FD1 = {
						CreatedOnToolsVersion = 9.4.1;
						TestTargetID = 02C90DB8214F196E00EA0FD1;
					};
				};
			};
			buildConfigurationList = 02C90DB4214F196E00EA0FD1 /* Build configuration list for PBXProject "Project1" */;
			compatibilityVersion = "Xcode 9.3";
			developmentRegion = en;
			hasScannedForEncodings = 0;
			knownRegions = (
				en,
				Base,
			);
			mainGroup = 02C90DB0214F196E00EA0FD1;
			productRefGroup = 02C90DBA214F196E00EA0FD1 /* Products */;
			projectDirPath = "";
			projectRoot = "";
			targets = (
				02C90DB8214F196E00EA0FD1 /* Project1 */,
				02C90DCC214F197000EA0FD1 /* Project1Tests */,
				02C90DD7214F197000EA0FD1 /* Project1UITests */,
			);
		};
/* End PBXProject section */

/* Begin PBXResourcesBuildPhase section */
		02C90DB7214F196E00EA0FD1 /* Resources */ = {
			isa = PBXResourcesBuildPhase;
			buildActionMask = 2147483647;
			files = (
				02C90DC7214F197000EA0FD1 /* LaunchScreen.storyboard in Resources */,
				02C90DC4214F197000EA0FD1 /* Assets.xcassets in Resources */,
				02C90DC2214F196E00EA0FD1 /* Main.storyboard in Resources */,
			);
			runOnlyForDeploymentPostprocessing = 0;
		};
		02C90DCB214F197000EA0FD1 /* Resources */ = {
			isa = PBXResourcesBuildPhase;
			buildActionMask = 2147483647;
			files = (
			);
			runOnlyForDeploymentPostprocessing = 0;
		};
		02C90DD6214F197000EA0FD1 /* Resources */ = {
			isa = PBXResourcesBuildPhase;
			buildActionMask = 2147483647;
			files = (
			);
			runOnlyForDeploymentPostprocessing = 0;
		};
/* End PBXResourcesBuildPhase section */

/* Begin PBXSourcesBuildPhase section */
		02C90DB5214F196E00EA0FD1 /* Sources */ = {
			isa = PBXSourcesBuildPhase;
			buildActionMask = 2147483647;
			files = (
				02C90DBF214F196E00EA0FD1 /* ViewController.swift in Sources */,
				02C90DBD214F196E00EA0FD1 /* AppDelegate.swift in Sources */,
			);
			runOnlyForDeploymentPostprocessing = 0;
		};
		02C90DC9214F197000EA0FD1 /* Sources */ = {
			isa = PBXSourcesBuildPhase;
			buildActionMask = 2147483647;
			files = (
				02C90DD2214F197000EA0FD1 /* Project1Tests.swift in Sources */,
			);
			runOnlyForDeploymentPostprocessing = 0;
		};
		02C90DD4214F197000EA0FD1 /* Sources */ = {
			isa = PBXSourcesBuildPhase;
			buildActionMask = 2147483647;
			files = (
				02C90DDD214F197000EA0FD1 /* Project1UITests.swift in Sources */,
			);
			runOnlyForDeploymentPostprocessing = 0;
		};
/* End PBXSourcesBuildPhase section */

/* Begin PBXTargetDependency section */
		02C90DCF214F197000EA0FD1 /* PBXTargetDependency */ = {
			isa = PBXTargetDependency;
			target = 02C90DB8214F196E00EA0FD1 /* Project1 */;
			targetProxy = 02C90DCE214F197000EA0FD1 /* PBXContainerItemProxy */;
		};
		02C90DDA214F197000EA0FD1 /* PBXTargetDependency */ = {
			isa = PBXTargetDependency;
			target = 02C90DB8214F196E00EA0FD1 /* Project1 */;
			targetProxy = 02C90DD9214F197000EA0FD1 /* PBXContainerItemProxy */;
		};
/* End PBXTargetDependency section */

/* Begin PBXVariantGroup section */
		02C90DC0214F196E00EA0FD1 /* Main.storyboard */ = {
			isa = PBXVariantGroup;
			children = (
				02C90DC1214F196E00EA0FD1 /* Base */,
			);
			name = Main.storyboard;
			sourceTree = "<group>";
		};
		02C90DC5214F197000EA0FD1 /* LaunchScreen.storyboard */ = {
			isa = PBXVariantGroup;
			children = (
				02C90DC6214F197000EA0FD1 /* Base */,
			);
			name = LaunchScreen.storyboard;
			sourceTree = "<group>";
		};
/* End PBXVariantGroup section */

/* Begin XCBuildConfiguration section */
		02C90DDF214F197000EA0FD1 /* Debug */ = {
			isa = XCBuildConfiguration;
			buildSettings = {
				ALWAYS_SEARCH_USER_PATHS = NO;
				CLANG_ANALYZER_NONNULL = YES;
				CLANG_ANALYZER_NUMBER_OBJECT_CONVERSION = YES_AGGRESSIVE;
				CLANG_CXX_LANGUAGE_STANDARD = "gnu++14";
				CLANG_CXX_LIBRARY = "libc++";
				CLANG_ENABLE_MODULES = YES;
				CLANG_ENABLE_OBJC_ARC = YES;
				CLANG_ENABLE_OBJC_WEAK = YES;
				CLANG_WARN_BLOCK_CAPTURE_AUTORELEASING = YES;
				CLANG_WARN_BOOL_CONVERSION = YES;
				CLANG_WARN_COMMA = YES;
				CLANG_WARN_CONSTANT_CONVERSION = YES;
				CLANG_WARN_DEPRECATED_OBJC_IMPLEMENTATIONS = YES;
				CLANG_WARN_DIRECT_OBJC_ISA_USAGE = YES_ERROR;
				CLANG_WARN_DOCUMENTATION_COMMENTS = YES;
				CLANG_WARN_EMPTY_BODY = YES;
				CLANG_WARN_ENUM_CONVERSION = YES;
				CLANG_WARN_INFINITE_RECURSION = YES;
				CLANG_WARN_INT_CONVERSION = YES;
				CLANG_WARN_NON_LITERAL_NULL_CONVERSION = YES;
				CLANG_WARN_OBJC_IMPLICIT_RETAIN_SELF = YES;
				CLANG_WARN_OBJC_LITERAL_CONVERSION = YES;
				CLANG_WARN_OBJC_ROOT_CLASS = YES_ERROR;
				CLANG_WARN_RANGE_LOOP_ANALYSIS = YES;
				CLANG_WARN_STRICT_PROTOTYPES = YES;
				CLANG_WARN_SUSPICIOUS_MOVE = YES;
				CLANG_WARN_UNGUARDED_AVAILABILITY = YES_AGGRESSIVE;
				CLANG_WARN_UNREACHABLE_CODE = YES;
				CLANG_WARN__DUPLICATE_METHOD_MATCH = YES;
				CODE_SIGN_IDENTITY = "iPhone Developer";
				COPY_PHASE_STRIP = NO;
				DEBUG_INFORMATION_FORMAT = dwarf;
				ENABLE_STRICT_OBJC_MSGSEND = YES;
				ENABLE_TESTABILITY = YES;
				GCC_C_LANGUAGE_STANDARD = gnu11;
				GCC_DYNAMIC_NO_PIC = NO;
				GCC_NO_COMMON_BLOCKS = YES;
				GCC_OPTIMIZATION_LEVEL = 0;
				GCC_PREPROCESSOR_DEFINITIONS = (
					"DEBUG=1",
					"$(inherited)",
				);
				GCC_WARN_64_TO_32_BIT_CONVERSION = YES;
				GCC_WARN_ABOUT_RETURN_TYPE = YES_ERROR;
				GCC_WARN_UNDECLARED_SELECTOR = YES;
				GCC_WARN_UNINITIALIZED_AUTOS = YES_AGGRESSIVE;
				GCC_WARN_UNUSED_FUNCTION = YES;
				GCC_WARN_UNUSED_VARIABLE = YES;
				IPHONEOS_DEPLOYMENT_TARGET = 11.4;
				MTL_ENABLE_DEBUG_INFO = YES;
				ONLY_ACTIVE_ARCH = YES;
				SDKROOT = iphoneos;
				SWIFT_ACTIVE_COMPILATION_CONDITIONS = DEBUG;
				SWIFT_OPTIMIZATION_LEVEL = "-Onone";
			};
			name = Debug;
		};
		02C90DE0214F197000EA0FD1 /* Release */ = {
			isa = XCBuildConfiguration;
			buildSettings = {
				ALWAYS_SEARCH_USER_PATHS = NO;
				CLANG_ANALYZER_NONNULL = YES;
				CLANG_ANALYZER_NUMBER_OBJECT_CONVERSION = YES_AGGRESSIVE;
				CLANG_CXX_LANGUAGE_STANDARD = "gnu++14";
				CLANG_CXX_LIBRARY = "libc++";
				CLANG_ENABLE_MODULES = YES;
				CLANG_ENABLE_OBJC_ARC = YES;
				CLANG_ENABLE_OBJC_WEAK = YES;
				CLANG_WARN_BLOCK_CAPTURE_AUTORELEASING = YES;
				CLANG_WARN_BOOL_CONVERSION = YES;
				CLANG_WARN_COMMA = YES;
				CLANG_WARN_CONSTANT_CONVERSION = YES;
				CLANG_WARN_DEPRECATED_OBJC_IMPLEMENTATIONS = YES;
				CLANG_WARN_DIRECT_OBJC_ISA_USAGE = YES_ERROR;
				CLANG_WARN_DOCUMENTATION_COMMENTS = YES;
				CLANG_WARN_EMPTY_BODY = YES;
				CLANG_WARN_ENUM_CONVERSION = YES;
				CLANG_WARN_INFINITE_RECURSION = YES;
				CLANG_WARN_INT_CONVERSION = YES;
				CLANG_WARN_NON_LITERAL_NULL_CONVERSION = YES;
				CLANG_WARN_OBJC_IMPLICIT_RETAIN_SELF = YES;
				CLANG_WARN_OBJC_LITERAL_CONVERSION = YES;
				CLANG_WARN_OBJC_ROOT_CLASS = YES_ERROR;
				CLANG_WARN_RANGE_LOOP_ANALYSIS = YES;
				CLANG_WARN_STRICT_PROTOTYPES = YES;
				CLANG_WARN_SUSPICIOUS_MOVE = YES;
				CLANG_WARN_UNGUARDED_AVAILABILITY = YES_AGGRESSIVE;
				CLANG_WARN_UNREACHABLE_CODE = YES;
				CLANG_WARN__DUPLICATE_METHOD_MATCH = YES;
				CODE_SIGN_IDENTITY = "iPhone Developer";
				COPY_PHASE_STRIP = NO;
				DEBUG_INFORMATION_FORMAT = "dwarf-with-dsym";
				ENABLE_NS_ASSERTIONS = NO;
				ENABLE_STRICT_OBJC_MSGSEND = YES;
				GCC_C_LANGUAGE_STANDARD = gnu11;
				GCC_NO_COMMON_BLOCKS = YES;
				GCC_WARN_64_TO_32_BIT_CONVERSION = YES;
				GCC_WARN_ABOUT_RETURN_TYPE = YES_ERROR;
				GCC_WARN_UNDECLARED_SELECTOR = YES;
				GCC_WARN_UNINITIALIZED_AUTOS = YES_AGGRESSIVE;
				GCC_WARN_UNUSED_FUNCTION = YES;
				GCC_WARN_UNUSED_VARIABLE = YES;
				IPHONEOS_DEPLOYMENT_TARGET = 11.4;
				MTL_ENABLE_DEBUG_INFO = NO;
				SDKROOT = iphoneos;
				SWIFT_COMPILATION_MODE = wholemodule;
				SWIFT_OPTIMIZATION_LEVEL = "-O";
				VALIDATE_PRODUCT = YES;
			};
			name = Release;
		};
		02C90DE2214F197000EA0FD1 /* Debug */ = {
			isa = XCBuildConfiguration;
			buildSettings = {
				ASSETCATALOG_COMPILER_APPICON_NAME = AppIcon;
				CODE_SIGN_STYLE = Automatic;
				INFOPLIST_FILE = Project1/Info.plist;
				LD_RUNPATH_SEARCH_PATHS = (
					"$(inherited)",
					"@executable_path/Frameworks",
				);
				PRODUCT_BUNDLE_IDENTIFIER = Project1.Project1;
				PRODUCT_NAME = "$(TARGET_NAME)";
				SWIFT_VERSION = 4.0;
				TARGETED_DEVICE_FAMILY = "1,2";
			};
			name = Debug;
		};
		02C90DE3214F197000EA0FD1 /* Release */ = {
			isa = XCBuildConfiguration;
			buildSettings = {
				ASSETCATALOG_COMPILER_APPICON_NAME = AppIcon;
				CODE_SIGN_STYLE = Automatic;
				INFOPLIST_FILE = Project1/Info.plist;
				LD_RUNPATH_SEARCH_PATHS = (
					"$(inherited)",
					"@executable_path/Frameworks",
				);
				PRODUCT_BUNDLE_IDENTIFIER = Project1.Project1;
				PRODUCT_NAME = "$(TARGET_NAME)";
				SWIFT_VERSION = 4.0;
				TARGETED_DEVICE_FAMILY = "1,2";
			};
			name = Release;
		};
		02C90DE5214F197000EA0FD1 /* Debug */ = {
			isa = XCBuildConfiguration;
			buildSettings = {
				ALWAYS_EMBED_SWIFT_STANDARD_LIBRARIES = YES;
				BUNDLE_LOADER = "$(TEST_HOST)";
				CODE_SIGN_STYLE = Automatic;
				INFOPLIST_FILE = Project1Tests/Info.plist;
				LD_RUNPATH_SEARCH_PATHS = (
					"$(inherited)",
					"@executable_path/Frameworks",
					"@loader_path/Frameworks",
				);
				PRODUCT_BUNDLE_IDENTIFIER = Project1.Project1Tests;
				PRODUCT_NAME = "$(TARGET_NAME)";
				SWIFT_VERSION = 4.0;
				TARGETED_DEVICE_FAMILY = "1,2";
				TEST_HOST = "$(BUILT_PRODUCTS_DIR)/Project1.app/Project1";
			};
			name = Debug;
		};
		02C90DE6214F197000EA0FD1 /* Release */ = {
			isa = XCBuildConfiguration;
			buildSettings = {
				ALWAYS_EMBED_SWIFT_STANDARD_LIBRARIES = YES;
				BUNDLE_LOADER = "$(TEST_HOST)";
				CODE_SIGN_STYLE = Automatic;
				INFOPLIST_FILE = Project1Tests/Info.plist;
				LD_RUNPATH_SEARCH_PATHS = (
					"$(inherited)",
					"@executable_path/Frameworks",
					"@loader_path/Frameworks",
				);
				PRODUCT_BUNDLE_IDENTIFIER = Project1.Project1Tests;
				PRODUCT_NAME = "$(TARGET_NAME)";
				SWIFT_VERSION = 4.0;
				TARGETED_DEVICE_FAMILY = "1,2";
				TEST_HOST = "$(BUILT_PRODUCTS_DIR)/Project1.app/Project1";
			};
			name = Release;
		};
		02C90DE8214F197000EA0FD1 /* Debug */ = {
			isa = XCBuildConfiguration;
			buildSettings = {
				ALWAYS_EMBED_SWIFT_STANDARD_LIBRARIES = YES;
				CODE_SIGN_STYLE = Automatic;
				INFOPLIST_FILE = Project1UITests/Info.plist;
				LD_RUNPATH_SEARCH_PATHS = (
					"$(inherited)",
					"@executable_path/Frameworks",
					"@loader_path/Frameworks",
				);
				PRODUCT_BUNDLE_IDENTIFIER = Project1.Project1UITests;
				PRODUCT_NAME = "$(TARGET_NAME)";
				SWIFT_VERSION = 4.0;
				TARGETED_DEVICE_FAMILY = "1,2";
				TEST_TARGET_NAME = Project1;
			};
			name = Debug;
		};
		02C90DE9214F197000EA0FD1 /* Release */ = {
			isa = XCBuildConfiguration;
			buildSettings = {
				ALWAYS_EMBED_SWIFT_STANDARD_LIBRARIES = YES;
				CODE_SIGN_STYLE = Automatic;
				INFOPLIST_FILE = Project1UITests/Info.plist;
				LD_RUNPATH_SEARCH_PATHS = (
					"$(inherited)",
					"@executable_path/Frameworks",
					"@loader_path/Frameworks",
				);
				PRODUCT_BUNDLE_IDENTIFIER = Project1.Project1UITests;
				PRODUCT_NAME = "$(TARGET_NAME)";
				SWIFT_VERSION = 4.0;
				TARGETED_DEVICE_FAMILY = "1,2";
				TEST_TARGET_NAME = Project1;
			};
			name = Release;
		};
/* End XCBuildConfiguration section */

/* Begin XCConfigurationList section */
		02C90DB4214F196E00EA0FD1 /* Build configuration list for PBXProject "Project1" */ = {
			isa = XCConfigurationList;
			buildConfigurations = (
				02C90DDF214F197000EA0FD1 /* Debug */,
				02C90DE0214F197000EA0FD1 /* Release */,
			);
			defaultConfigurationIsVisible = 0;
			defaultConfigurationName = Release;
		};
		02C90DE1214F197000EA0FD1 /* Build configuration list for PBXNativeTarget "Project1" */ = {
			isa = XCConfigurationList;
			buildConfigurations = (
				02C90DE2214F197000EA0FD1 /* Debug */,
				02C90DE3214F197000EA0FD1 /* Release */,
			);
			defaultConfigurationIsVisible = 0;
			defaultConfigurationName = Release;
		};
		02C90DE4214F197000EA0FD1 /* Build configuration list for PBXNativeTarget "Project1Tests" */ = {
			isa = XCConfigurationList;
			buildConfigurations = (
				02C90DE5214F197000EA0FD1 /* Debug */,
				02C90DE6214F197000EA0FD1 /* Release */,
			);
			defaultConfigurationIsVisible = 0;
			defaultConfigurationName = Release;
		};
		02C90DE7214F197000EA0FD1 /* Build configuration list for PBXNativeTarget "Project1UITests" */ = {
			isa = XCConfigurationList;
			buildConfigurations = (
				02C90DE8214F197000EA0FD1 /* Debug */,
				02C90DE9214F197000EA0FD1 /* Release */,
			);
			defaultConfigurationIsVisible = 0;
			defaultConfigurationName = Release;
		};
/* End XCConfigurationList section */
	};
	rootObject = 02C90DB1214F196E00EA0FD1 /* Project object */;
}
